Microsoft Visual Studio Solution File, Format Version 12.00
# Visual Studio Version 17
VisualStudioVersion = 17.5.2.0
MinimumVisualStudioVersion = 10.0.40219.1
Project("{FAE04EC0-301F-11D3-BF4B-00C04F79EFBC}") = "CustomerPortalAPI", "CustomerPortalAPI\CustomerPortalAPI.csproj", "{2810192F-E31F-7572-3FF6-DDB8E100668C}"
EndProject
Global
	GlobalSection(SolutionConfigurationPlatforms) = preSolution
		Debug|Any CPU = Debug|Any CPU
		Release|Any CPU = Release|Any CPU
	EndGlobalSection
	GlobalSection(ProjectConfigurationPlatforms) = postSolution
		{2810192F-E31F-7572-3FF6-DDB8E100668C}.Debug|Any CPU.ActiveCfg = Debug|Any CPU
		{2810192F-E31F-7572-3FF6-DDB8E100668C}.Debug|Any CPU.Build.0 = Debug|Any CPU
		{2810192F-E31F-7572-3FF6-DDB8E100668C}.Release|Any CPU.ActiveCfg = Release|Any CPU
		{2810192F-E31F-7572-3FF6-DDB8E100668C}.Release|Any CPU.Build.0 = Release|Any CPU
	EndGlobalSection
	GlobalSection(SolutionProperties) = preSolution
		HideSolutionNode = FALSE
	EndGlobalSection
	GlobalSection(ExtensibilityGlobals) = postSolution
		SolutionGuid = {67452C78-167A-4AFA-82CA-5C60376A5849}
	EndGlobalSection
EndGlobal
