
Microsoft Visual Studio Solution File, Format Version 12.00
# Visual Studio Version 17
VisualStudioVersion = 17.5.2.0
MinimumVisualStudioVersion = 10.0.40219.1
Project("{FAE04EC0-301F-11D3-BF4B-00C04F79EFBC}") = "CustomerPortalAPI", "CustomerPortalAPI\CustomerPortalAPI.csproj", "{2810192F-E31F-7572-3FF6-DDB8E100668C}"
EndProject
Project("{2150E333-8FDC-42A3-9474-1A3956D46DE8}") = "Services", "Services", "{5854FF58-B8C5-05C6-5BF2-ACE42193F22B}"
EndProject
Project("{FAE04EC0-301F-11D3-BF4B-00C04F79EFBC}") = "CustomerPortal.Shared", "Services\CustomerPortal.Shared\CustomerPortal.Shared.csproj", "{C475EC28-AB8E-4CA0-8A44-495C62AE6CD7}"
EndProject
Project("{FAE04EC0-301F-11D3-BF4B-00C04F79EFBC}") = "CustomerPortal.Gateway", "Services\CustomerPortal.Gateway\CustomerPortal.Gateway.csproj", "{5977830D-A52A-4F11-9308-3424A616E2E6}"
EndProject
Project("{FAE04EC0-301F-11D3-BF4B-00C04F79EFBC}") = "CustomerPortal.ActionsService", "Services\CustomerPortal.ActionsService\CustomerPortal.ActionsService.csproj", "{F2DE566E-C7BB-4D1F-922E-59C9B49645F0}"
EndProject
Project("{FAE04EC0-301F-11D3-BF4B-00C04F79EFBC}") = "CustomerPortal.AuditsService", "Services\CustomerPortal.AuditsService\CustomerPortal.AuditsService.csproj", "{55B4571E-B5FA-41B4-A50D-25E9CCC1E133}"
EndProject
Project("{FAE04EC0-301F-11D3-BF4B-00C04F79EFBC}") = "CustomerPortal.MasterService", "Services\CustomerPortal.MasterService\CustomerPortal.MasterService.csproj", "{2890ED8F-94B3-42AD-8519-1857E7601C10}"
EndProject
Project("{FAE04EC0-301F-11D3-BF4B-00C04F79EFBC}") = "CustomerPortal.UsersService", "Services\CustomerPortal.UsersService\CustomerPortal.UsersService.csproj", "{1F3317E9-8CAC-4CF6-9FC6-9BC7F2A91529}"
EndProject
Project("{FAE04EC0-301F-11D3-BF4B-00C04F79EFBC}") = "CustomerPortal.CertificatesService", "Services\CustomerPortal.CertificatesService\CustomerPortal.CertificatesService.csproj", "{E80C7BB3-F8C3-4A08-BD8F-F539DE986216}"
EndProject
Project("{FAE04EC0-301F-11D3-BF4B-00C04F79EFBC}") = "CustomerPortal.ContractsService", "Services\CustomerPortal.ContractsService\CustomerPortal.ContractsService.csproj", "{47FCB93B-136A-4277-9BFE-7A2D7C93A7CF}"
EndProject
Project("{FAE04EC0-301F-11D3-BF4B-00C04F79EFBC}") = "CustomerPortal.FinancialService", "Services\CustomerPortal.FinancialService\CustomerPortal.FinancialService.csproj", "{EB0F5803-CCD4-4CD9-903C-32D7A5AAE441}"
EndProject
Project("{FAE04EC0-301F-11D3-BF4B-00C04F79EFBC}") = "CustomerPortal.FindingsService", "Services\CustomerPortal.FindingsService\CustomerPortal.FindingsService.csproj", "{3F1CC386-7BDA-402B-A173-4C9B374E6F08}"
EndProject
Project("{FAE04EC0-301F-11D3-BF4B-00C04F79EFBC}") = "CustomerPortal.NotificationsService", "Services\CustomerPortal.NotificationsService\CustomerPortal.NotificationsService.csproj", "{B97199C6-5AD2-413D-A40F-665856A6E9B4}"
EndProject
Project("{FAE04EC0-301F-11D3-BF4B-00C04F79EFBC}") = "CustomerPortal.SettingsService", "Services\CustomerPortal.SettingsService\CustomerPortal.SettingsService.csproj", "{4AF91442-EC5D-444A-994D-63021CC4C15B}"
EndProject
Project("{FAE04EC0-301F-11D3-BF4B-00C04F79EFBC}") = "CustomerPortal.OverviewService", "Services\CustomerPortal.OverviewService\CustomerPortal.OverviewService.csproj", "{F3E04DE3-E927-46EF-95AD-D0EF8F7F4492}"
EndProject
Project("{FAE04EC0-301F-11D3-BF4B-00C04F79EFBC}") = "CustomerPortal.WidgetsService", "Services\CustomerPortal.WidgetsService\CustomerPortal.WidgetsService.csproj", "{FD0A0DE6-DA8B-438D-9695-2ADEE5717AC2}"
EndProject
Global
	GlobalSection(SolutionConfigurationPlatforms) = preSolution
		Debug|Any CPU = Debug|Any CPU
		Debug|x64 = Debug|x64
		Debug|x86 = Debug|x86
		Release|Any CPU = Release|Any CPU
		Release|x64 = Release|x64
		Release|x86 = Release|x86
	EndGlobalSection
	GlobalSection(ProjectConfigurationPlatforms) = postSolution
		{2810192F-E31F-7572-3FF6-DDB8E100668C}.Debug|Any CPU.ActiveCfg = Debug|Any CPU
		{2810192F-E31F-7572-3FF6-DDB8E100668C}.Debug|Any CPU.Build.0 = Debug|Any CPU
		{2810192F-E31F-7572-3FF6-DDB8E100668C}.Debug|x64.ActiveCfg = Debug|Any CPU
		{2810192F-E31F-7572-3FF6-DDB8E100668C}.Debug|x64.Build.0 = Debug|Any CPU
		{2810192F-E31F-7572-3FF6-DDB8E100668C}.Debug|x86.ActiveCfg = Debug|Any CPU
		{2810192F-E31F-7572-3FF6-DDB8E100668C}.Debug|x86.Build.0 = Debug|Any CPU
		{2810192F-E31F-7572-3FF6-DDB8E100668C}.Release|Any CPU.ActiveCfg = Release|Any CPU
		{2810192F-E31F-7572-3FF6-DDB8E100668C}.Release|Any CPU.Build.0 = Release|Any CPU
		{2810192F-E31F-7572-3FF6-DDB8E100668C}.Release|x64.ActiveCfg = Release|Any CPU
		{2810192F-E31F-7572-3FF6-DDB8E100668C}.Release|x64.Build.0 = Release|Any CPU
		{2810192F-E31F-7572-3FF6-DDB8E100668C}.Release|x86.ActiveCfg = Release|Any CPU
		{2810192F-E31F-7572-3FF6-DDB8E100668C}.Release|x86.Build.0 = Release|Any CPU
		{C475EC28-AB8E-4CA0-8A44-495C62AE6CD7}.Debug|Any CPU.ActiveCfg = Debug|Any CPU
		{C475EC28-AB8E-4CA0-8A44-495C62AE6CD7}.Debug|Any CPU.Build.0 = Debug|Any CPU
		{C475EC28-AB8E-4CA0-8A44-495C62AE6CD7}.Debug|x64.ActiveCfg = Debug|Any CPU
		{C475EC28-AB8E-4CA0-8A44-495C62AE6CD7}.Debug|x64.Build.0 = Debug|Any CPU
		{C475EC28-AB8E-4CA0-8A44-495C62AE6CD7}.Debug|x86.ActiveCfg = Debug|Any CPU
		{C475EC28-AB8E-4CA0-8A44-495C62AE6CD7}.Debug|x86.Build.0 = Debug|Any CPU
		{C475EC28-AB8E-4CA0-8A44-495C62AE6CD7}.Release|Any CPU.ActiveCfg = Release|Any CPU
		{C475EC28-AB8E-4CA0-8A44-495C62AE6CD7}.Release|Any CPU.Build.0 = Release|Any CPU
		{C475EC28-AB8E-4CA0-8A44-495C62AE6CD7}.Release|x64.ActiveCfg = Release|Any CPU
		{C475EC28-AB8E-4CA0-8A44-495C62AE6CD7}.Release|x64.Build.0 = Release|Any CPU
		{C475EC28-AB8E-4CA0-8A44-495C62AE6CD7}.Release|x86.ActiveCfg = Release|Any CPU
		{C475EC28-AB8E-4CA0-8A44-495C62AE6CD7}.Release|x86.Build.0 = Release|Any CPU
		{5977830D-A52A-4F11-9308-3424A616E2E6}.Debug|Any CPU.ActiveCfg = Debug|Any CPU
		{5977830D-A52A-4F11-9308-3424A616E2E6}.Debug|Any CPU.Build.0 = Debug|Any CPU
		{5977830D-A52A-4F11-9308-3424A616E2E6}.Debug|x64.ActiveCfg = Debug|Any CPU
		{5977830D-A52A-4F11-9308-3424A616E2E6}.Debug|x64.Build.0 = Debug|Any CPU
		{5977830D-A52A-4F11-9308-3424A616E2E6}.Debug|x86.ActiveCfg = Debug|Any CPU
		{5977830D-A52A-4F11-9308-3424A616E2E6}.Debug|x86.Build.0 = Debug|Any CPU
		{5977830D-A52A-4F11-9308-3424A616E2E6}.Release|Any CPU.ActiveCfg = Release|Any CPU
		{5977830D-A52A-4F11-9308-3424A616E2E6}.Release|Any CPU.Build.0 = Release|Any CPU
		{5977830D-A52A-4F11-9308-3424A616E2E6}.Release|x64.ActiveCfg = Release|Any CPU
		{5977830D-A52A-4F11-9308-3424A616E2E6}.Release|x64.Build.0 = Release|Any CPU
		{5977830D-A52A-4F11-9308-3424A616E2E6}.Release|x86.ActiveCfg = Release|Any CPU
		{5977830D-A52A-4F11-9308-3424A616E2E6}.Release|x86.Build.0 = Release|Any CPU
		{F2DE566E-C7BB-4D1F-922E-59C9B49645F0}.Debug|Any CPU.ActiveCfg = Debug|Any CPU
		{F2DE566E-C7BB-4D1F-922E-59C9B49645F0}.Debug|Any CPU.Build.0 = Debug|Any CPU
		{F2DE566E-C7BB-4D1F-922E-59C9B49645F0}.Debug|x64.ActiveCfg = Debug|Any CPU
		{F2DE566E-C7BB-4D1F-922E-59C9B49645F0}.Debug|x64.Build.0 = Debug|Any CPU
		{F2DE566E-C7BB-4D1F-922E-59C9B49645F0}.Debug|x86.ActiveCfg = Debug|Any CPU
		{F2DE566E-C7BB-4D1F-922E-59C9B49645F0}.Debug|x86.Build.0 = Debug|Any CPU
		{F2DE566E-C7BB-4D1F-922E-59C9B49645F0}.Release|Any CPU.ActiveCfg = Release|Any CPU
		{F2DE566E-C7BB-4D1F-922E-59C9B49645F0}.Release|Any CPU.Build.0 = Release|Any CPU
		{F2DE566E-C7BB-4D1F-922E-59C9B49645F0}.Release|x64.ActiveCfg = Release|Any CPU
		{F2DE566E-C7BB-4D1F-922E-59C9B49645F0}.Release|x64.Build.0 = Release|Any CPU
		{F2DE566E-C7BB-4D1F-922E-59C9B49645F0}.Release|x86.ActiveCfg = Release|Any CPU
		{F2DE566E-C7BB-4D1F-922E-59C9B49645F0}.Release|x86.Build.0 = Release|Any CPU
		{55B4571E-B5FA-41B4-A50D-25E9CCC1E133}.Debug|Any CPU.ActiveCfg = Debug|Any CPU
		{55B4571E-B5FA-41B4-A50D-25E9CCC1E133}.Debug|Any CPU.Build.0 = Debug|Any CPU
		{55B4571E-B5FA-41B4-A50D-25E9CCC1E133}.Debug|x64.ActiveCfg = Debug|Any CPU
		{55B4571E-B5FA-41B4-A50D-25E9CCC1E133}.Debug|x64.Build.0 = Debug|Any CPU
		{55B4571E-B5FA-41B4-A50D-25E9CCC1E133}.Debug|x86.ActiveCfg = Debug|Any CPU
		{55B4571E-B5FA-41B4-A50D-25E9CCC1E133}.Debug|x86.Build.0 = Debug|Any CPU
		{55B4571E-B5FA-41B4-A50D-25E9CCC1E133}.Release|Any CPU.ActiveCfg = Release|Any CPU
		{55B4571E-B5FA-41B4-A50D-25E9CCC1E133}.Release|Any CPU.Build.0 = Release|Any CPU
		{55B4571E-B5FA-41B4-A50D-25E9CCC1E133}.Release|x64.ActiveCfg = Release|Any CPU
		{55B4571E-B5FA-41B4-A50D-25E9CCC1E133}.Release|x64.Build.0 = Release|Any CPU
		{55B4571E-B5FA-41B4-A50D-25E9CCC1E133}.Release|x86.ActiveCfg = Release|Any CPU
		{55B4571E-B5FA-41B4-A50D-25E9CCC1E133}.Release|x86.Build.0 = Release|Any CPU
		{2890ED8F-94B3-42AD-8519-1857E7601C10}.Debug|Any CPU.ActiveCfg = Debug|Any CPU
		{2890ED8F-94B3-42AD-8519-1857E7601C10}.Debug|Any CPU.Build.0 = Debug|Any CPU
		{2890ED8F-94B3-42AD-8519-1857E7601C10}.Debug|x64.ActiveCfg = Debug|Any CPU
		{2890ED8F-94B3-42AD-8519-1857E7601C10}.Debug|x64.Build.0 = Debug|Any CPU
		{2890ED8F-94B3-42AD-8519-1857E7601C10}.Debug|x86.ActiveCfg = Debug|Any CPU
		{2890ED8F-94B3-42AD-8519-1857E7601C10}.Debug|x86.Build.0 = Debug|Any CPU
		{2890ED8F-94B3-42AD-8519-1857E7601C10}.Release|Any CPU.ActiveCfg = Release|Any CPU
		{2890ED8F-94B3-42AD-8519-1857E7601C10}.Release|Any CPU.Build.0 = Release|Any CPU
		{2890ED8F-94B3-42AD-8519-1857E7601C10}.Release|x64.ActiveCfg = Release|Any CPU
		{2890ED8F-94B3-42AD-8519-1857E7601C10}.Release|x64.Build.0 = Release|Any CPU
		{2890ED8F-94B3-42AD-8519-1857E7601C10}.Release|x86.ActiveCfg = Release|Any CPU
		{2890ED8F-94B3-42AD-8519-1857E7601C10}.Release|x86.Build.0 = Release|Any CPU
		{1F3317E9-8CAC-4CF6-9FC6-9BC7F2A91529}.Debug|Any CPU.ActiveCfg = Debug|Any CPU
		{1F3317E9-8CAC-4CF6-9FC6-9BC7F2A91529}.Debug|Any CPU.Build.0 = Debug|Any CPU
		{1F3317E9-8CAC-4CF6-9FC6-9BC7F2A91529}.Debug|x64.ActiveCfg = Debug|Any CPU
		{1F3317E9-8CAC-4CF6-9FC6-9BC7F2A91529}.Debug|x64.Build.0 = Debug|Any CPU
		{1F3317E9-8CAC-4CF6-9FC6-9BC7F2A91529}.Debug|x86.ActiveCfg = Debug|Any CPU
		{1F3317E9-8CAC-4CF6-9FC6-9BC7F2A91529}.Debug|x86.Build.0 = Debug|Any CPU
		{1F3317E9-8CAC-4CF6-9FC6-9BC7F2A91529}.Release|Any CPU.ActiveCfg = Release|Any CPU
		{1F3317E9-8CAC-4CF6-9FC6-9BC7F2A91529}.Release|Any CPU.Build.0 = Release|Any CPU
		{1F3317E9-8CAC-4CF6-9FC6-9BC7F2A91529}.Release|x64.ActiveCfg = Release|Any CPU
		{1F3317E9-8CAC-4CF6-9FC6-9BC7F2A91529}.Release|x64.Build.0 = Release|Any CPU
		{1F3317E9-8CAC-4CF6-9FC6-9BC7F2A91529}.Release|x86.ActiveCfg = Release|Any CPU
		{1F3317E9-8CAC-4CF6-9FC6-9BC7F2A91529}.Release|x86.Build.0 = Release|Any CPU
		{E80C7BB3-F8C3-4A08-BD8F-F539DE986216}.Debug|Any CPU.ActiveCfg = Debug|Any CPU
		{E80C7BB3-F8C3-4A08-BD8F-F539DE986216}.Debug|Any CPU.Build.0 = Debug|Any CPU
		{E80C7BB3-F8C3-4A08-BD8F-F539DE986216}.Debug|x64.ActiveCfg = Debug|Any CPU
		{E80C7BB3-F8C3-4A08-BD8F-F539DE986216}.Debug|x64.Build.0 = Debug|Any CPU
		{E80C7BB3-F8C3-4A08-BD8F-F539DE986216}.Debug|x86.ActiveCfg = Debug|Any CPU
		{E80C7BB3-F8C3-4A08-BD8F-F539DE986216}.Debug|x86.Build.0 = Debug|Any CPU
		{E80C7BB3-F8C3-4A08-BD8F-F539DE986216}.Release|Any CPU.ActiveCfg = Release|Any CPU
		{E80C7BB3-F8C3-4A08-BD8F-F539DE986216}.Release|Any CPU.Build.0 = Release|Any CPU
		{E80C7BB3-F8C3-4A08-BD8F-F539DE986216}.Release|x64.ActiveCfg = Release|Any CPU
		{E80C7BB3-F8C3-4A08-BD8F-F539DE986216}.Release|x64.Build.0 = Release|Any CPU
		{E80C7BB3-F8C3-4A08-BD8F-F539DE986216}.Release|x86.ActiveCfg = Release|Any CPU
		{E80C7BB3-F8C3-4A08-BD8F-F539DE986216}.Release|x86.Build.0 = Release|Any CPU
		{47FCB93B-136A-4277-9BFE-7A2D7C93A7CF}.Debug|Any CPU.ActiveCfg = Debug|Any CPU
		{47FCB93B-136A-4277-9BFE-7A2D7C93A7CF}.Debug|Any CPU.Build.0 = Debug|Any CPU
		{47FCB93B-136A-4277-9BFE-7A2D7C93A7CF}.Debug|x64.ActiveCfg = Debug|Any CPU
		{47FCB93B-136A-4277-9BFE-7A2D7C93A7CF}.Debug|x64.Build.0 = Debug|Any CPU
		{47FCB93B-136A-4277-9BFE-7A2D7C93A7CF}.Debug|x86.ActiveCfg = Debug|Any CPU
		{47FCB93B-136A-4277-9BFE-7A2D7C93A7CF}.Debug|x86.Build.0 = Debug|Any CPU
		{47FCB93B-136A-4277-9BFE-7A2D7C93A7CF}.Release|Any CPU.ActiveCfg = Release|Any CPU
		{47FCB93B-136A-4277-9BFE-7A2D7C93A7CF}.Release|Any CPU.Build.0 = Release|Any CPU
		{47FCB93B-136A-4277-9BFE-7A2D7C93A7CF}.Release|x64.ActiveCfg = Release|Any CPU
		{47FCB93B-136A-4277-9BFE-7A2D7C93A7CF}.Release|x64.Build.0 = Release|Any CPU
		{47FCB93B-136A-4277-9BFE-7A2D7C93A7CF}.Release|x86.ActiveCfg = Release|Any CPU
		{47FCB93B-136A-4277-9BFE-7A2D7C93A7CF}.Release|x86.Build.0 = Release|Any CPU
		{EB0F5803-CCD4-4CD9-903C-32D7A5AAE441}.Debug|Any CPU.ActiveCfg = Debug|Any CPU
		{EB0F5803-CCD4-4CD9-903C-32D7A5AAE441}.Debug|Any CPU.Build.0 = Debug|Any CPU
		{EB0F5803-CCD4-4CD9-903C-32D7A5AAE441}.Debug|x64.ActiveCfg = Debug|Any CPU
		{EB0F5803-CCD4-4CD9-903C-32D7A5AAE441}.Debug|x64.Build.0 = Debug|Any CPU
		{EB0F5803-CCD4-4CD9-903C-32D7A5AAE441}.Debug|x86.ActiveCfg = Debug|Any CPU
		{EB0F5803-CCD4-4CD9-903C-32D7A5AAE441}.Debug|x86.Build.0 = Debug|Any CPU
		{EB0F5803-CCD4-4CD9-903C-32D7A5AAE441}.Release|Any CPU.ActiveCfg = Release|Any CPU
		{EB0F5803-CCD4-4CD9-903C-32D7A5AAE441}.Release|Any CPU.Build.0 = Release|Any CPU
		{EB0F5803-CCD4-4CD9-903C-32D7A5AAE441}.Release|x64.ActiveCfg = Release|Any CPU
		{EB0F5803-CCD4-4CD9-903C-32D7A5AAE441}.Release|x64.Build.0 = Release|Any CPU
		{EB0F5803-CCD4-4CD9-903C-32D7A5AAE441}.Release|x86.ActiveCfg = Release|Any CPU
		{EB0F5803-CCD4-4CD9-903C-32D7A5AAE441}.Release|x86.Build.0 = Release|Any CPU
		{3F1CC386-7BDA-402B-A173-4C9B374E6F08}.Debug|Any CPU.ActiveCfg = Debug|Any CPU
		{3F1CC386-7BDA-402B-A173-4C9B374E6F08}.Debug|Any CPU.Build.0 = Debug|Any CPU
		{3F1CC386-7BDA-402B-A173-4C9B374E6F08}.Debug|x64.ActiveCfg = Debug|Any CPU
		{3F1CC386-7BDA-402B-A173-4C9B374E6F08}.Debug|x64.Build.0 = Debug|Any CPU
		{3F1CC386-7BDA-402B-A173-4C9B374E6F08}.Debug|x86.ActiveCfg = Debug|Any CPU
		{3F1CC386-7BDA-402B-A173-4C9B374E6F08}.Debug|x86.Build.0 = Debug|Any CPU
		{3F1CC386-7BDA-402B-A173-4C9B374E6F08}.Release|Any CPU.ActiveCfg = Release|Any CPU
		{3F1CC386-7BDA-402B-A173-4C9B374E6F08}.Release|Any CPU.Build.0 = Release|Any CPU
		{3F1CC386-7BDA-402B-A173-4C9B374E6F08}.Release|x64.ActiveCfg = Release|Any CPU
		{3F1CC386-7BDA-402B-A173-4C9B374E6F08}.Release|x64.Build.0 = Release|Any CPU
		{3F1CC386-7BDA-402B-A173-4C9B374E6F08}.Release|x86.ActiveCfg = Release|Any CPU
		{3F1CC386-7BDA-402B-A173-4C9B374E6F08}.Release|x86.Build.0 = Release|Any CPU
		{B97199C6-5AD2-413D-A40F-665856A6E9B4}.Debug|Any CPU.ActiveCfg = Debug|Any CPU
		{B97199C6-5AD2-413D-A40F-665856A6E9B4}.Debug|Any CPU.Build.0 = Debug|Any CPU
		{B97199C6-5AD2-413D-A40F-665856A6E9B4}.Debug|x64.ActiveCfg = Debug|Any CPU
		{B97199C6-5AD2-413D-A40F-665856A6E9B4}.Debug|x64.Build.0 = Debug|Any CPU
		{B97199C6-5AD2-413D-A40F-665856A6E9B4}.Debug|x86.ActiveCfg = Debug|Any CPU
		{B97199C6-5AD2-413D-A40F-665856A6E9B4}.Debug|x86.Build.0 = Debug|Any CPU
		{B97199C6-5AD2-413D-A40F-665856A6E9B4}.Release|Any CPU.ActiveCfg = Release|Any CPU
		{B97199C6-5AD2-413D-A40F-665856A6E9B4}.Release|Any CPU.Build.0 = Release|Any CPU
		{B97199C6-5AD2-413D-A40F-665856A6E9B4}.Release|x64.ActiveCfg = Release|Any CPU
		{B97199C6-5AD2-413D-A40F-665856A6E9B4}.Release|x64.Build.0 = Release|Any CPU
		{B97199C6-5AD2-413D-A40F-665856A6E9B4}.Release|x86.ActiveCfg = Release|Any CPU
		{B97199C6-5AD2-413D-A40F-665856A6E9B4}.Release|x86.Build.0 = Release|Any CPU
		{4AF91442-EC5D-444A-994D-63021CC4C15B}.Debug|Any CPU.ActiveCfg = Debug|Any CPU
		{4AF91442-EC5D-444A-994D-63021CC4C15B}.Debug|Any CPU.Build.0 = Debug|Any CPU
		{4AF91442-EC5D-444A-994D-63021CC4C15B}.Debug|x64.ActiveCfg = Debug|Any CPU
		{4AF91442-EC5D-444A-994D-63021CC4C15B}.Debug|x64.Build.0 = Debug|Any CPU
		{4AF91442-EC5D-444A-994D-63021CC4C15B}.Debug|x86.ActiveCfg = Debug|Any CPU
		{4AF91442-EC5D-444A-994D-63021CC4C15B}.Debug|x86.Build.0 = Debug|Any CPU
		{4AF91442-EC5D-444A-994D-63021CC4C15B}.Release|Any CPU.ActiveCfg = Release|Any CPU
		{4AF91442-EC5D-444A-994D-63021CC4C15B}.Release|Any CPU.Build.0 = Release|Any CPU
		{4AF91442-EC5D-444A-994D-63021CC4C15B}.Release|x64.ActiveCfg = Release|Any CPU
		{4AF91442-EC5D-444A-994D-63021CC4C15B}.Release|x64.Build.0 = Release|Any CPU
		{4AF91442-EC5D-444A-994D-63021CC4C15B}.Release|x86.ActiveCfg = Release|Any CPU
		{4AF91442-EC5D-444A-994D-63021CC4C15B}.Release|x86.Build.0 = Release|Any CPU
		{F3E04DE3-E927-46EF-95AD-D0EF8F7F4492}.Debug|Any CPU.ActiveCfg = Debug|Any CPU
		{F3E04DE3-E927-46EF-95AD-D0EF8F7F4492}.Debug|Any CPU.Build.0 = Debug|Any CPU
		{F3E04DE3-E927-46EF-95AD-D0EF8F7F4492}.Debug|x64.ActiveCfg = Debug|Any CPU
		{F3E04DE3-E927-46EF-95AD-D0EF8F7F4492}.Debug|x64.Build.0 = Debug|Any CPU
		{F3E04DE3-E927-46EF-95AD-D0EF8F7F4492}.Debug|x86.ActiveCfg = Debug|Any CPU
		{F3E04DE3-E927-46EF-95AD-D0EF8F7F4492}.Debug|x86.Build.0 = Debug|Any CPU
		{F3E04DE3-E927-46EF-95AD-D0EF8F7F4492}.Release|Any CPU.ActiveCfg = Release|Any CPU
		{F3E04DE3-E927-46EF-95AD-D0EF8F7F4492}.Release|Any CPU.Build.0 = Release|Any CPU
		{F3E04DE3-E927-46EF-95AD-D0EF8F7F4492}.Release|x64.ActiveCfg = Release|Any CPU
		{F3E04DE3-E927-46EF-95AD-D0EF8F7F4492}.Release|x64.Build.0 = Release|Any CPU
		{F3E04DE3-E927-46EF-95AD-D0EF8F7F4492}.Release|x86.ActiveCfg = Release|Any CPU
		{F3E04DE3-E927-46EF-95AD-D0EF8F7F4492}.Release|x86.Build.0 = Release|Any CPU
		{FD0A0DE6-DA8B-438D-9695-2ADEE5717AC2}.Debug|Any CPU.ActiveCfg = Debug|Any CPU
		{FD0A0DE6-DA8B-438D-9695-2ADEE5717AC2}.Debug|Any CPU.Build.0 = Debug|Any CPU
		{FD0A0DE6-DA8B-438D-9695-2ADEE5717AC2}.Debug|x64.ActiveCfg = Debug|Any CPU
		{FD0A0DE6-DA8B-438D-9695-2ADEE5717AC2}.Debug|x64.Build.0 = Debug|Any CPU
		{FD0A0DE6-DA8B-438D-9695-2ADEE5717AC2}.Debug|x86.ActiveCfg = Debug|Any CPU
		{FD0A0DE6-DA8B-438D-9695-2ADEE5717AC2}.Debug|x86.Build.0 = Debug|Any CPU
		{FD0A0DE6-DA8B-438D-9695-2ADEE5717AC2}.Release|Any CPU.ActiveCfg = Release|Any CPU
		{FD0A0DE6-DA8B-438D-9695-2ADEE5717AC2}.Release|Any CPU.Build.0 = Release|Any CPU
		{FD0A0DE6-DA8B-438D-9695-2ADEE5717AC2}.Release|x64.ActiveCfg = Release|Any CPU
		{FD0A0DE6-DA8B-438D-9695-2ADEE5717AC2}.Release|x64.Build.0 = Release|Any CPU
		{FD0A0DE6-DA8B-438D-9695-2ADEE5717AC2}.Release|x86.ActiveCfg = Release|Any CPU
		{FD0A0DE6-DA8B-438D-9695-2ADEE5717AC2}.Release|x86.Build.0 = Release|Any CPU
	EndGlobalSection
	GlobalSection(SolutionProperties) = preSolution
		HideSolutionNode = FALSE
	EndGlobalSection
	GlobalSection(NestedProjects) = preSolution
		{C475EC28-AB8E-4CA0-8A44-495C62AE6CD7} = {5854FF58-B8C5-05C6-5BF2-ACE42193F22B}
		{5977830D-A52A-4F11-9308-3424A616E2E6} = {5854FF58-B8C5-05C6-5BF2-ACE42193F22B}
		{F2DE566E-C7BB-4D1F-922E-59C9B49645F0} = {5854FF58-B8C5-05C6-5BF2-ACE42193F22B}
		{55B4571E-B5FA-41B4-A50D-25E9CCC1E133} = {5854FF58-B8C5-05C6-5BF2-ACE42193F22B}
		{2890ED8F-94B3-42AD-8519-1857E7601C10} = {5854FF58-B8C5-05C6-5BF2-ACE42193F22B}
		{1F3317E9-8CAC-4CF6-9FC6-9BC7F2A91529} = {5854FF58-B8C5-05C6-5BF2-ACE42193F22B}
		{E80C7BB3-F8C3-4A08-BD8F-F539DE986216} = {5854FF58-B8C5-05C6-5BF2-ACE42193F22B}
		{47FCB93B-136A-4277-9BFE-7A2D7C93A7CF} = {5854FF58-B8C5-05C6-5BF2-ACE42193F22B}
		{EB0F5803-CCD4-4CD9-903C-32D7A5AAE441} = {5854FF58-B8C5-05C6-5BF2-ACE42193F22B}
		{3F1CC386-7BDA-402B-A173-4C9B374E6F08} = {5854FF58-B8C5-05C6-5BF2-ACE42193F22B}
		{B97199C6-5AD2-413D-A40F-665856A6E9B4} = {5854FF58-B8C5-05C6-5BF2-ACE42193F22B}
		{4AF91442-EC5D-444A-994D-63021CC4C15B} = {5854FF58-B8C5-05C6-5BF2-ACE42193F22B}
		{F3E04DE3-E927-46EF-95AD-D0EF8F7F4492} = {5854FF58-B8C5-05C6-5BF2-ACE42193F22B}
		{FD0A0DE6-DA8B-438D-9695-2ADEE5717AC2} = {5854FF58-B8C5-05C6-5BF2-ACE42193F22B}
	EndGlobalSection
	GlobalSection(ExtensibilityGlobals) = postSolution
		SolutionGuid = {67452C78-167A-4AFA-82CA-5C60376A5849}
	EndGlobalSection
EndGlobal
